
Microsoft Visual Studio Solution File, Format Version 12.00
# Visual Studio Version 17
VisualStudioVersion = 17.5.002.0
MinimumVisualStudioVersion = 10.0.40219.1
Project("{9A19103F-16F7-4668-BE54-9A1E7A4F7556}") = "68", "68.csproj", "{2830939C-54E7-4FFB-9C2E-1E36A29BE7FF}"
EndProject
Global
	GlobalSection(SolutionConfigurationPlatforms) = preSolution
		Debug|Any CPU = Debug|Any CPU
		Release|Any CPU = Release|Any CPU
	EndGlobalSection
	GlobalSection(ProjectConfigurationPlatforms) = postSolution
		{2830939C-54E7-4FFB-9C2E-1E36A29BE7FF}.Debug|Any CPU.ActiveCfg = Debug|Any CPU
		{2830939C-54E7-4FFB-9C2E-1E36A29BE7FF}.Debug|Any CPU.Build.0 = Debug|Any CPU
		{2830939C-54E7-4FFB-9C2E-1E36A29BE7FF}.Release|Any CPU.ActiveCfg = Release|Any CPU
		{2830939C-54E7-4FFB-9C2E-1E36A29BE7FF}.Release|Any CPU.Build.0 = Release|Any CPU
	EndGlobalSection
	GlobalSection(SolutionProperties) = preSolution
		HideSolutionNode = FALSE
	EndGlobalSection
	GlobalSection(ExtensibilityGlobals) = postSolution
		SolutionGuid = {DEF95FFD-05C2-45C5-8907-34770C505548}
	EndGlobalSection
EndGlobal
